
Microsoft Visual Studio Solution File, Format Version 11.00
# Visual Studio 2010
Project("{6989167D-11E4-40FE-8C1A-2192A86A7E90}") = "Console1", "Console1.vfproj", "{581A377C-A599-4AEE-8297-A886E7750320}"
EndProject
Global
	GlobalSection(SolutionConfigurationPlatforms) = preSolution
		Debug|Win32 = Debug|Win32
		Release|Win32 = Release|Win32
	EndGlobalSection
	GlobalSection(ProjectConfigurationPlatforms) = postSolution
		{581A377C-A599-4AEE-8297-A886E7750320}.Debug|Win32.ActiveCfg = Debug|Win32
		{581A377C-A599-4AEE-8297-A886E7750320}.Debug|Win32.Build.0 = Debug|Win32
		{581A377C-A599-4AEE-8297-A886E7750320}.Release|Win32.ActiveCfg = Release|Win32
		{581A377C-A599-4AEE-8297-A886E7750320}.Release|Win32.Build.0 = Release|Win32
	EndGlobalSection
	GlobalSection(SolutionProperties) = preSolution
		HideSolutionNode = FALSE
	EndGlobalSection
EndGlobal
